// !$*UTF8*$!
{
	archiveVersion = 1;
	classes = {
	};
	objectVersion = 56;
	objects = {

/* Begin PBXBuildFile section */
		79EDF9AE29D84B89009D7F41 /* SwiftUI_DemoApp.swift in Sources */ = {isa = PBXBuildFile; fileRef = 79EDF9AD29D84B89009D7F41 /* SwiftUI_DemoApp.swift */; };
		79EDF9B029D84B89009D7F41 /* ContentView.swift in Sources */ = {isa = PBXBuildFile; fileRef = 79EDF9AF29D84B89009D7F41 /* ContentView.swift */; };
		79EDF9B229D84B8A009D7F41 /* Assets.xcassets in Resources */ = {isa = PBXBuildFile; fileRef = 79EDF9B129D84B8A009D7F41 /* Assets.xcassets */; };
		79EDF9B529D84B8A009D7F41 /* Preview Assets.xcassets in Resources */ = {isa = PBXBuildFile; fileRef = 79EDF9B429D84B8A009D7F41 /* Preview Assets.xcassets */; };
		79EDF9BF29D84E13009D7F41 /* Post.swift in Sources */ = {isa = PBXBuildFile; fileRef = 79EDF9BE29D84E13009D7F41 /* Post.swift */; };
		79EDF9C129D84E23009D7F41 /* PostsAPI.swift in Sources */ = {isa = PBXBuildFile; fileRef = 79EDF9C029D84E23009D7F41 /* PostsAPI.swift */; };
		79EDF9C329D84E29009D7F41 /* PostsManager.swift in Sources */ = {isa = PBXBuildFile; fileRef = 79EDF9C229D84E29009D7F41 /* PostsManager.swift */; };
		79EDF9C529D84EAD009D7F41 /* MessageError.swift in Sources */ = {isa = PBXBuildFile; fileRef = 79EDF9C429D84EAD009D7F41 /* MessageError.swift */; };
		79EDF9C729D84F2F009D7F41 /* PostsViewModel.swift in Sources */ = {isa = PBXBuildFile; fileRef = 79EDF9C629D84F2F009D7F41 /* PostsViewModel.swift */; };
/* End PBXBuildFile section */

/* Begin PBXFileReference section */
		79EDF9AA29D84B89009D7F41 /* SwiftUI-Demo.app */ = {isa = PBXFileReference; explicitFileType = wrapper.application; includeInIndex = 0; path = "SwiftUI-Demo.app"; sourceTree = BUILT_PRODUCTS_DIR; };
		79EDF9AD29D84B89009D7F41 /* SwiftUI_DemoApp.swift */ = {isa = PBXFileReference; lastKnownFileType = sourcecode.swift; path = SwiftUI_DemoApp.swift; sourceTree = "<group>"; };
		79EDF9AF29D84B89009D7F41 /* ContentView.swift */ = {isa = PBXFileReference; lastKnownFileType = sourcecode.swift; path = ContentView.swift; sourceTree = "<group>"; };
		79EDF9B129D84B8A009D7F41 /* Assets.xcassets */ = {isa = PBXFileReference; lastKnownFileType = folder.assetcatalog; path = Assets.xcassets; sourceTree = "<group>"; };
		79EDF9B429D84B8A009D7F41 /* Preview Assets.xcassets */ = {isa = PBXFileReference; lastKnownFileType = folder.assetcatalog; path = "Preview Assets.xcassets"; sourceTree = "<group>"; };
		79EDF9BE29D84E13009D7F41 /* Post.swift */ = {isa = PBXFileReference; lastKnownFileType = sourcecode.swift; path = Post.swift; sourceTree = "<group>"; };
		79EDF9C029D84E23009D7F41 /* PostsAPI.swift */ = {isa = PBXFileReference; lastKnownFileType = sourcecode.swift; path = PostsAPI.swift; sourceTree = "<group>"; };
		79EDF9C229D84E29009D7F41 /* PostsManager.swift */ = {isa = PBXFileReference; lastKnownFileType = sourcecode.swift; path = PostsManager.swift; sourceTree = "<group>"; };
		79EDF9C429D84EAD009D7F41 /* MessageError.swift */ = {isa = PBXFileReference; lastKnownFileType = sourcecode.swift; path = MessageError.swift; sourceTree = "<group>"; };
		79EDF9C629D84F2F009D7F41 /* PostsViewModel.swift */ = {isa = PBXFileReference; lastKnownFileType = sourcecode.swift; path = PostsViewModel.swift; sourceTree = "<group>"; };
/* End PBXFileReference section */

/* Begin PBXFrameworksBuildPhase section */
		79EDF9A729D84B89009D7F41 /* Frameworks */ = {
			isa = PBXFrameworksBuildPhase;
			buildActionMask = 2147483647;
			files = (
			);
			runOnlyForDeploymentPostprocessing = 0;
		};
/* End PBXFrameworksBuildPhase section */

/* Begin PBXGroup section */
		79EDF9A129D84B89009D7F41 = {
			isa = PBXGroup;
			children = (
				79EDF9AC29D84B89009D7F41 /* SwiftUI-Demo */,
				79EDF9AB29D84B89009D7F41 /* Products */,
			);
			sourceTree = "<group>";
		};
		79EDF9AB29D84B89009D7F41 /* Products */ = {
			isa = PBXGroup;
			children = (
				79EDF9AA29D84B89009D7F41 /* SwiftUI-Demo.app */,
			);
			name = Products;
			sourceTree = "<group>";
		};
		79EDF9AC29D84B89009D7F41 /* SwiftUI-Demo */ = {
			isa = PBXGroup;
			children = (
				79EDF9B129D84B8A009D7F41 /* Assets.xcassets */,
				79EDF9AD29D84B89009D7F41 /* SwiftUI_DemoApp.swift */,
				79EDF9BD29D84DFD009D7F41 /* VewModel */,
				79EDF9BB29D84DF3009D7F41 /* Model */,
				79EDF9BC29D84DF9009D7F41 /* UI */,
				79EDF9B329D84B8A009D7F41 /* Preview Content */,
			);
			path = "SwiftUI-Demo";
			sourceTree = "<group>";
		};
		79EDF9B329D84B8A009D7F41 /* Preview Content */ = {
			isa = PBXGroup;
			children = (
				79EDF9B429D84B8A009D7F41 /* Preview Assets.xcassets */,
			);
			path = "Preview Content";
			sourceTree = "<group>";
		};
		79EDF9BB29D84DF3009D7F41 /* Model */ = {
			isa = PBXGroup;
			children = (
				79EDF9C429D84EAD009D7F41 /* MessageError.swift */,
				79EDF9BE29D84E13009D7F41 /* Post.swift */,
				79EDF9C029D84E23009D7F41 /* PostsAPI.swift */,
				79EDF9C229D84E29009D7F41 /* PostsManager.swift */,
			);
			path = Model;
			sourceTree = "<group>";
		};
		79EDF9BC29D84DF9009D7F41 /* UI */ = {
			isa = PBXGroup;
			children = (
				79EDF9AF29D84B89009D7F41 /* ContentView.swift */,
			);
			path = UI;
			sourceTree = "<group>";
		};
		79EDF9BD29D84DFD009D7F41 /* VewModel */ = {
			isa = PBXGroup;
			children = (
				79EDF9C629D84F2F009D7F41 /* PostsViewModel.swift */,
			);
			path = VewModel;
			sourceTree = "<group>";
		};
/* End PBXGroup section */

/* Begin PBXNativeTarget section */
		79EDF9A929D84B89009D7F41 /* SwiftUI-Demo */ = {
			isa = PBXNativeTarget;
			buildConfigurationList = 79EDF9B829D84B8A009D7F41 /* Build configuration list for PBXNativeTarget "SwiftUI-Demo" */;
			buildPhases = (
				79EDF9A629D84B89009D7F41 /* Sources */,
				79EDF9A729D84B89009D7F41 /* Frameworks */,
				79EDF9A829D84B89009D7F41 /* Resources */,
			);
			buildRules = (
			);
			dependencies = (
			);
			name = "SwiftUI-Demo";
			productName = "SwiftUI-Demo";
			productReference = 79EDF9AA29D84B89009D7F41 /* SwiftUI-Demo.app */;
			productType = "com.apple.product-type.application";
		};
/* End PBXNativeTarget section */

/* Begin PBXProject section */
		79EDF9A229D84B89009D7F41 /* Project object */ = {
			isa = PBXProject;
			attributes = {
				BuildIndependentTargetsInParallel = 1;
				LastSwiftUpdateCheck = 1420;
				LastUpgradeCheck = 1420;
				TargetAttributes = {
					79EDF9A929D84B89009D7F41 = {
						CreatedOnToolsVersion = 14.2;
					};
				};
			};
			buildConfigurationList = 79EDF9A529D84B89009D7F41 /* Build configuration list for PBXProject "SwiftUI-Demo" */;
			compatibilityVersion = "Xcode 14.0";
			developmentRegion = en;
			hasScannedForEncodings = 0;
			knownRegions = (
				en,
				Base,
			);
			mainGroup = 79EDF9A129D84B89009D7F41;
			productRefGroup = 79EDF9AB29D84B89009D7F41 /* Products */;
			projectDirPath = "";
			projectRoot = "";
			targets = (
				79EDF9A929D84B89009D7F41 /* SwiftUI-Demo */,
			);
		};
/* End PBXProject section */

/* Begin PBXResourcesBuildPhase section */
		79EDF9A829D84B89009D7F41 /* Resources */ = {
			isa = PBXResourcesBuildPhase;
			buildActionMask = 2147483647;
			files = (
				79EDF9B529D84B8A009D7F41 /* Preview Assets.xcassets in Resources */,
				79EDF9B229D84B8A009D7F41 /* Assets.xcassets in Resources */,
			);
			runOnlyForDeploymentPostprocessing = 0;
		};
/* End PBXResourcesBuildPhase section */

/* Begin PBXSourcesBuildPhase section */
		79EDF9A629D84B89009D7F41 /* Sources */ = {
			isa = PBXSourcesBuildPhase;
			buildActionMask = 2147483647;
			files = (
				79EDF9C129D84E23009D7F41 /* PostsAPI.swift in Sources */,
				79EDF9BF29D84E13009D7F41 /* Post.swift in Sources */,
				79EDF9B029D84B89009D7F41 /* ContentView.swift in Sources */,
				79EDF9C329D84E29009D7F41 /* PostsManager.swift in Sources */,
				79EDF9C529D84EAD009D7F41 /* MessageError.swift in Sources */,
				79EDF9AE29D84B89009D7F41 /* SwiftUI_DemoApp.swift in Sources */,
				79EDF9C729D84F2F009D7F41 /* PostsViewModel.swift in Sources */,
			);
			runOnlyForDeploymentPostprocessing = 0;
		};
/* End PBXSourcesBuildPhase section */

/* Begin XCBuildConfiguration section */
		79EDF9B629D84B8A009D7F41 /* Debug */ = {
			isa = XCBuildConfiguration;
			buildSettings = {
				ALWAYS_SEARCH_USER_PATHS = NO;
				CLANG_ANALYZER_NONNULL = YES;
				CLANG_ANALYZER_NUMBER_OBJECT_CONVERSION = YES_AGGRESSIVE;
				CLANG_CXX_LANGUAGE_STANDARD = "gnu++20";
				CLANG_ENABLE_MODULES = YES;
				CLANG_ENABLE_OBJC_ARC = YES;
				CLANG_ENABLE_OBJC_WEAK = YES;
				CLANG_WARN_BLOCK_CAPTURE_AUTORELEASING = YES;
				CLANG_WARN_BOOL_CONVERSION = YES;
				CLANG_WARN_COMMA = YES;
				CLANG_WARN_CONSTANT_CONVERSION = YES;
				CLANG_WARN_DEPRECATED_OBJC_IMPLEMENTATIONS = YES;
				CLANG_WARN_DIRECT_OBJC_ISA_USAGE = YES_ERROR;
				CLANG_WARN_DOCUMENTATION_COMMENTS = YES;
				CLANG_WARN_EMPTY_BODY = YES;
				CLANG_WARN_ENUM_CONVERSION = YES;
				CLANG_WARN_INFINITE_RECURSION = YES;
				CLANG_WARN_INT_CONVERSION = YES;
				CLANG_WARN_NON_LITERAL_NULL_CONVERSION = YES;
				CLANG_WARN_OBJC_IMPLICIT_RETAIN_SELF = YES;
				CLANG_WARN_OBJC_LITERAL_CONVERSION = YES;
				CLANG_WARN_OBJC_ROOT_CLASS = YES_ERROR;
				CLANG_WARN_QUOTED_INCLUDE_IN_FRAMEWORK_HEADER = YES;
				CLANG_WARN_RANGE_LOOP_ANALYSIS = YES;
				CLANG_WARN_STRICT_PROTOTYPES = YES;
				CLANG_WARN_SUSPICIOUS_MOVE = YES;
				CLANG_WARN_UNGUARDED_AVAILABILITY = YES_AGGRESSIVE;
				CLANG_WARN_UNREACHABLE_CODE = YES;
				CLANG_WARN__DUPLICATE_METHOD_MATCH = YES;
				COPY_PHASE_STRIP = NO;
				DEBUG_INFORMATION_FORMAT = dwarf;
				ENABLE_STRICT_OBJC_MSGSEND = YES;
				ENABLE_TESTABILITY = YES;
				GCC_C_LANGUAGE_STANDARD = gnu11;
				GCC_DYNAMIC_NO_PIC = NO;
				GCC_NO_COMMON_BLOCKS = YES;
				GCC_OPTIMIZATION_LEVEL = 0;
				GCC_PREPROCESSOR_DEFINITIONS = (
					"DEBUG=1",
					"$(inherited)",
				);
				GCC_WARN_64_TO_32_BIT_CONVERSION = YES;
				GCC_WARN_ABOUT_RETURN_TYPE = YES_ERROR;
				GCC_WARN_UNDECLARED_SELECTOR = YES;
				GCC_WARN_UNINITIALIZED_AUTOS = YES_AGGRESSIVE;
				GCC_WARN_UNUSED_FUNCTION = YES;
				GCC_WARN_UNUSED_VARIABLE = YES;
				IPHONEOS_DEPLOYMENT_TARGET = 16.2;
				MTL_ENABLE_DEBUG_INFO = INCLUDE_SOURCE;
				MTL_FAST_MATH = YES;
				ONLY_ACTIVE_ARCH = YES;
				SDKROOT = iphoneos;
				SWIFT_ACTIVE_COMPILATION_CONDITIONS = DEBUG;
				SWIFT_OPTIMIZATION_LEVEL = "-Onone";
			};
			name = Debug;
		};
		79EDF9B729D84B8A009D7F41 /* Release */ = {
			isa = XCBuildConfiguration;
			buildSettings = {
				ALWAYS_SEARCH_USER_PATHS = NO;
				CLANG_ANALYZER_NONNULL = YES;
				CLANG_ANALYZER_NUMBER_OBJECT_CONVERSION = YES_AGGRESSIVE;
				CLANG_CXX_LANGUAGE_STANDARD = "gnu++20";
				CLANG_ENABLE_MODULES = YES;
				CLANG_ENABLE_OBJC_ARC = YES;
				CLANG_ENABLE_OBJC_WEAK = YES;
				CLANG_WARN_BLOCK_CAPTURE_AUTORELEASING = YES;
				CLANG_WARN_BOOL_CONVERSION = YES;
				CLANG_WARN_COMMA = YES;
				CLANG_WARN_CONSTANT_CONVERSION = YES;
				CLANG_WARN_DEPRECATED_OBJC_IMPLEMENTATIONS = YES;
				CLANG_WARN_DIRECT_OBJC_ISA_USAGE = YES_ERROR;
				CLANG_WARN_DOCUMENTATION_COMMENTS = YES;
				CLANG_WARN_EMPTY_BODY = YES;
				CLANG_WARN_ENUM_CONVERSION = YES;
				CLANG_WARN_INFINITE_RECURSION = YES;
				CLANG_WARN_INT_CONVERSION = YES;
				CLANG_WARN_NON_LITERAL_NULL_CONVERSION = YES;
				CLANG_WARN_OBJC_IMPLICIT_RETAIN_SELF = YES;
				CLANG_WARN_OBJC_LITERAL_CONVERSION = YES;
				CLANG_WARN_OBJC_ROOT_CLASS = YES_ERROR;
				CLANG_WARN_QUOTED_INCLUDE_IN_FRAMEWORK_HEADER = YES;
				CLANG_WARN_RANGE_LOOP_ANALYSIS = YES;
				CLANG_WARN_STRICT_PROTOTYPES = YES;
				CLANG_WARN_SUSPICIOUS_MOVE = YES;
				CLANG_WARN_UNGUARDED_AVAILABILITY = YES_AGGRESSIVE;
				CLANG_WARN_UNREACHABLE_CODE = YES;
				CLANG_WARN__DUPLICATE_METHOD_MATCH = YES;
				COPY_PHASE_STRIP = NO;
				DEBUG_INFORMATION_FORMAT = "dwarf-with-dsym";
				ENABLE_NS_ASSERTIONS = NO;
				ENABLE_STRICT_OBJC_MSGSEND = YES;
				GCC_C_LANGUAGE_STANDARD = gnu11;
				GCC_NO_COMMON_BLOCKS = YES;
				GCC_WARN_64_TO_32_BIT_CONVERSION = YES;
				GCC_WARN_ABOUT_RETURN_TYPE = YES_ERROR;
				GCC_WARN_UNDECLARED_SELECTOR = YES;
				GCC_WARN_UNINITIALIZED_AUTOS = YES_AGGRESSIVE;
				GCC_WARN_UNUSED_FUNCTION = YES;
				GCC_WARN_UNUSED_VARIABLE = YES;
				IPHONEOS_DEPLOYMENT_TARGET = 16.2;
				MTL_ENABLE_DEBUG_INFO = NO;
				MTL_FAST_MATH = YES;
				SDKROOT = iphoneos;
				SWIFT_COMPILATION_MODE = wholemodule;
				SWIFT_OPTIMIZATION_LEVEL = "-O";
				VALIDATE_PRODUCT = YES;
			};
			name = Release;
		};
		79EDF9B929D84B8A009D7F41 /* Debug */ = {
			isa = XCBuildConfiguration;
			buildSettings = {
				ASSETCATALOG_COMPILER_APPICON_NAME = AppIcon;
				ASSETCATALOG_COMPILER_GLOBAL_ACCENT_COLOR_NAME = AccentColor;
				CODE_SIGN_STYLE = Automatic;
				CURRENT_PROJECT_VERSION = 1;
				DEVELOPMENT_ASSET_PATHS = "\"SwiftUI-Demo/Preview Content\"";
				DEVELOPMENT_TEAM = 9323W2QLR6;
				ENABLE_PREVIEWS = YES;
				GENERATE_INFOPLIST_FILE = YES;
				INFOPLIST_KEY_UIApplicationSceneManifest_Generation = YES;
				INFOPLIST_KEY_UIApplicationSupportsIndirectInputEvents = YES;
				INFOPLIST_KEY_UILaunchScreen_Generation = YES;
				INFOPLIST_KEY_UISupportedInterfaceOrientations_iPad = "UIInterfaceOrientationPortrait UIInterfaceOrientationPortraitUpsideDown UIInterfaceOrientationLandscapeLeft UIInterfaceOrientationLandscapeRight";
				INFOPLIST_KEY_UISupportedInterfaceOrientations_iPhone = "UIInterfaceOrientationPortrait UIInterfaceOrientationLandscapeLeft UIInterfaceOrientationLandscapeRight";
				LD_RUNPATH_SEARCH_PATHS = (
					"$(inherited)",
					"@executable_path/Frameworks",
				);
				MARKETING_VERSION = 1.0;
				PRODUCT_BUNDLE_IDENTIFIER = "orlando.SwiftUI-Demo";
				PRODUCT_NAME = "$(TARGET_NAME)";
				SWIFT_EMIT_LOC_STRINGS = YES;
				SWIFT_VERSION = 5.0;
				TARGETED_DEVICE_FAMILY = "1,2";
			};
			name = Debug;
		};
		79EDF9BA29D84B8A009D7F41 /* Release */ = {
			isa = XCBuildConfiguration;
			buildSettings = {
				ASSETCATALOG_COMPILER_APPICON_NAME = AppIcon;
				ASSETCATALOG_COMPILER_GLOBAL_ACCENT_COLOR_NAME = AccentColor;
				CODE_SIGN_STYLE = Automatic;
				CURRENT_PROJECT_VERSION = 1;
				DEVELOPMENT_ASSET_PATHS = "\"SwiftUI-Demo/Preview Content\"";
				DEVELOPMENT_TEAM = 9323W2QLR6;
				ENABLE_PREVIEWS = YES;
				GENERATE_INFOPLIST_FILE = YES;
				INFOPLIST_KEY_UIApplicationSceneManifest_Generation = YES;
				INFOPLIST_KEY_UIApplicationSupportsIndirectInputEvents = YES;
				INFOPLIST_KEY_UILaunchScreen_Generation = YES;
				INFOPLIST_KEY_UISupportedInterfaceOrientations_iPad = "UIInterfaceOrientationPortrait UIInterfaceOrientationPortraitUpsideDown UIInterfaceOrientationLandscapeLeft UIInterfaceOrientationLandscapeRight";
				INFOPLIST_KEY_UISupportedInterfaceOrientations_iPhone = "UIInterfaceOrientationPortrait UIInterfaceOrientationLandscapeLeft UIInterfaceOrientationLandscapeRight";
				LD_RUNPATH_SEARCH_PATHS = (
					"$(inherited)",
					"@executable_path/Frameworks",
				);
				MARKETING_VERSION = 1.0;
				PRODUCT_BUNDLE_IDENTIFIER = "orlando.SwiftUI-Demo";
				PRODUCT_NAME = "$(TARGET_NAME)";
				SWIFT_EMIT_LOC_STRINGS = YES;
				SWIFT_VERSION = 5.0;
				TARGETED_DEVICE_FAMILY = "1,2";
			};
			name = Release;
		};
/* End XCBuildConfiguration section */

/* Begin XCConfigurationList section */
		79EDF9A529D84B89009D7F41 /* Build configuration list for PBXProject "SwiftUI-Demo" */ = {
			isa = XCConfigurationList;
			buildConfigurations = (
				79EDF9B629D84B8A009D7F41 /* Debug */,
				79EDF9B729D84B8A009D7F41 /* Release */,
			);
			defaultConfigurationIsVisible = 0;
			defaultConfigurationName = Release;
		};
		79EDF9B829D84B8A009D7F41 /* Build configuration list for PBXNativeTarget "SwiftUI-Demo" */ = {
			isa = XCConfigurationList;
			buildConfigurations = (
				79EDF9B929D84B8A009D7F41 /* Debug */,
				79EDF9BA29D84B8A009D7F41 /* Release */,
			);
			defaultConfigurationIsVisible = 0;
			defaultConfigurationName = Release;
		};
/* End XCConfigurationList section */
	};
	rootObject = 79EDF9A229D84B89009D7F41 /* Project object */;
}
